
Microsoft Visual Studio Solution File, Format Version 12.00
# Visual Studio Version 17
VisualStudioVersion = 17.5.33414.496
MinimumVisualStudioVersion = 10.0.40219.1
Project("{FAE04EC0-301F-11D3-BF4B-00C04F79EFBC}") = "Lab2", "Lab2\Lab2.csproj", "{B50921FC-8129-4EBF-B7C8-E393432E402E}"
EndProject
Global
	GlobalSection(SolutionConfigurationPlatforms) = preSolution
		Debug|Any CPU = Debug|Any CPU
		Release|Any CPU = Release|Any CPU
	EndGlobalSection
	GlobalSection(ProjectConfigurationPlatforms) = postSolution
		{B50921FC-8129-4EBF-B7C8-E393432E402E}.Debug|Any CPU.ActiveCfg = Debug|Any CPU
		{B50921FC-8129-4EBF-B7C8-E393432E402E}.Debug|Any CPU.Build.0 = Debug|Any CPU
		{B50921FC-8129-4EBF-B7C8-E393432E402E}.Release|Any CPU.ActiveCfg = Release|Any CPU
		{B50921FC-8129-4EBF-B7C8-E393432E402E}.Release|Any CPU.Build.0 = Release|Any CPU
	EndGlobalSection
	GlobalSection(SolutionProperties) = preSolution
		HideSolutionNode = FALSE
	EndGlobalSection
	GlobalSection(ExtensibilityGlobals) = postSolution
		SolutionGuid = {960CC074-8253-437D-B3BB-C07969CB397F}
	EndGlobalSection
EndGlobal
