
Microsoft Visual Studio Solution File, Format Version 12.00
# Visual Studio Version 17
VisualStudioVersion = 17.5.33414.496
MinimumVisualStudioVersion = 10.0.40219.1
Project("{FAE04EC0-301F-11D3-BF4B-00C04F79EFBC}") = "ConsoleAppCurs1", "ConsoleAppCurs1\ConsoleAppCurs1.csproj", "{13948FBD-587B-40FF-B246-435077407B76}"
EndProject
Global
	GlobalSection(SolutionConfigurationPlatforms) = preSolution
		Debug|Any CPU = Debug|Any CPU
		Release|Any CPU = Release|Any CPU
	EndGlobalSection
	GlobalSection(ProjectConfigurationPlatforms) = postSolution
		{13948FBD-587B-40FF-B246-435077407B76}.Debug|Any CPU.ActiveCfg = Debug|Any CPU
		{13948FBD-587B-40FF-B246-435077407B76}.Debug|Any CPU.Build.0 = Debug|Any CPU
		{13948FBD-587B-40FF-B246-435077407B76}.Release|Any CPU.ActiveCfg = Release|Any CPU
		{13948FBD-587B-40FF-B246-435077407B76}.Release|Any CPU.Build.0 = Release|Any CPU
	EndGlobalSection
	GlobalSection(SolutionProperties) = preSolution
		HideSolutionNode = FALSE
	EndGlobalSection
	GlobalSection(ExtensibilityGlobals) = postSolution
		SolutionGuid = {36C25A5F-48D8-4345-B5BA-2AD9C91D0EDE}
	EndGlobalSection
EndGlobal
